
Microsoft Visual Studio Solution File, Format Version 12.00
# Visual Studio Version 17
VisualStudioVersion = 17.1.32210.238
MinimumVisualStudioVersion = 10.0.40219.1
Project("{FAE04EC0-301F-11D3-BF4B-00C04F79EFBC}") = "WebApplication2", "WebApplication2\WebApplication2.csproj", "{F31B0403-D196-4C2C-8B69-61172EE3DD09}"
EndProject
Global
	GlobalSection(SolutionConfigurationPlatforms) = preSolution
		Debug|Any CPU = Debug|Any CPU
		Release|Any CPU = Release|Any CPU
	EndGlobalSection
	GlobalSection(ProjectConfigurationPlatforms) = postSolution
		{F31B0403-D196-4C2C-8B69-61172EE3DD09}.Debug|Any CPU.ActiveCfg = Debug|Any CPU
		{F31B0403-D196-4C2C-8B69-61172EE3DD09}.Debug|Any CPU.Build.0 = Debug|Any CPU
		{F31B0403-D196-4C2C-8B69-61172EE3DD09}.Release|Any CPU.ActiveCfg = Release|Any CPU
		{F31B0403-D196-4C2C-8B69-61172EE3DD09}.Release|Any CPU.Build.0 = Release|Any CPU
	EndGlobalSection
	GlobalSection(SolutionProperties) = preSolution
		HideSolutionNode = FALSE
	EndGlobalSection
	GlobalSection(ExtensibilityGlobals) = postSolution
		SolutionGuid = {72091811-C5AA-45DC-A64E-B1BDD9755218}
	EndGlobalSection
EndGlobal
